{
  "name": "grapetree",
  "version": "1.1.0",
  "dependencies": {
    "grapetree-core": {
      "version": "3.1.0",
      "from": "grapetree-core@3.1.0",
      "resolved": "https://registry.npmjs.org/grapetree-core/-/grapetree-core-3.1.0.tgz",
      "dependencies": {
        "proto": {
          "version": "1.0.9",
          "from": "https://registry.npmjs.org/proto/-/proto-1.0.9.tgz",
          "resolved": "https://registry.npmjs.org/proto/-/proto-1.0.9.tgz"
        },
        "async-future": {
          "version": "1.0.1",
          "from": "https://registry.npmjs.org/async-future/-/async-future-1.0.1.tgz",
          "resolved": "https://registry.npmjs.org/async-future/-/async-future-1.0.1.tgz",
          "dependencies": {
            "trimArguments": {
              "version": "1.0.0",
              "from": "https://github.com/fresheneesz/trimArguments/archive/e69ed3ebdfe6cf055916ba6e3a1e4b28f696da6f.tar.gz",
              "resolved": "https://github.com/fresheneesz/trimArguments/archive/e69ed3ebdfe6cf055916ba6e3a1e4b28f696da6f.tar.gz"
            }
          }
        }
      }
    },
    "proto": {
      "version": "1.0.10",
      "from": "proto@"
    }
  }
}
